// !$*UTF8*$!
{
	archiveVersion = 1;
	classes = {
	};
	objectVersion = 46;
	objects = {

/* Begin PBXBuildFile section */
		2100F1AE1C0561450050CEFF /* SinglePicViewController.m in Sources */ = {isa = PBXBuildFile; fileRef = 2100F1AD1C0561450050CEFF /* SinglePicViewController.m */; };
		2100F1B21C0567790050CEFF /* Contact.m in Sources */ = {isa = PBXBuildFile; fileRef = 2100F1B11C0567790050CEFF /* Contact.m */; };
		2100F1B51C0569470050CEFF /* ContactGroup.m in Sources */ = {isa = PBXBuildFile; fileRef = 2100F1B41C0569470050CEFF /* ContactGroup.m */; };
		2100F1B81C056AC40050CEFF /* ContactViewController.m in Sources */ = {isa = PBXBuildFile; fileRef = 2100F1B71C056AC40050CEFF /* ContactViewController.m */; };
		212293EB1C103CC400F3DB0B /* CustomLayerDrawViewController.m in Sources */ = {isa = PBXBuildFile; fileRef = 212293EA1C103CC400F3DB0B /* CustomLayerDrawViewController.m */; };
		212293EF1C103E0300F3DB0B /* MyLayer.m in Sources */ = {isa = PBXBuildFile; fileRef = 212293EE1C103E0300F3DB0B /* MyLayer.m */; };
		212293F21C103EDB00F3DB0B /* CustomView.m in Sources */ = {isa = PBXBuildFile; fileRef = 212293F11C103EDB00F3DB0B /* CustomView.m */; };
		212293F61C10443A00F3DB0B /* BaseAnimationViewController.m in Sources */ = {isa = PBXBuildFile; fileRef = 212293F51C10443A00F3DB0B /* BaseAnimationViewController.m */; };
		215ACF9C1C0F37C800EAEF71 /* MeiTuViewController.m in Sources */ = {isa = PBXBuildFile; fileRef = 215ACF9B1C0F37C800EAEF71 /* MeiTuViewController.m */; };
		2178E1971C0C7FFF003D245F /* PhotoGestureViewController.m in Sources */ = {isa = PBXBuildFile; fileRef = 2178E1961C0C7FFF003D245F /* PhotoGestureViewController.m */; };
		2187370E1C0A96FE0013B0E7 /* WJContactViewController.m in Sources */ = {isa = PBXBuildFile; fileRef = 2187370D1C0A96FE0013B0E7 /* WJContactViewController.m */; };
		21C4B7C61C0BE318002A4DFF /* MyPopViewController.m in Sources */ = {isa = PBXBuildFile; fileRef = 21C4B7C51C0BE318002A4DFF /* MyPopViewController.m */; };
		21C4B7CA1C0BE713002A4DFF /* LoginViewController.m in Sources */ = {isa = PBXBuildFile; fileRef = 21C4B7C91C0BE713002A4DFF /* LoginViewController.m */; };
		21C862821C04387F00FBC3D0 /* main.m in Sources */ = {isa = PBXBuildFile; fileRef = 21C862811C04387F00FBC3D0 /* main.m */; };
		21C862851C04387F00FBC3D0 /* AppDelegate.m in Sources */ = {isa = PBXBuildFile; fileRef = 21C862841C04387F00FBC3D0 /* AppDelegate.m */; };
		21C8628B1C04387F00FBC3D0 /* Main.storyboard in Resources */ = {isa = PBXBuildFile; fileRef = 21C862891C04387F00FBC3D0 /* Main.storyboard */; };
		21C8628D1C04387F00FBC3D0 /* Assets.xcassets in Resources */ = {isa = PBXBuildFile; fileRef = 21C8628C1C04387F00FBC3D0 /* Assets.xcassets */; };
		21C862901C04387F00FBC3D0 /* LaunchScreen.storyboard in Resources */ = {isa = PBXBuildFile; fileRef = 21C8628E1C04387F00FBC3D0 /* LaunchScreen.storyboard */; };
		21C8629B1C04388000FBC3D0 /* myUITestTests.m in Sources */ = {isa = PBXBuildFile; fileRef = 21C8629A1C04388000FBC3D0 /* myUITestTests.m */; };
		21C862A71C0446BB00FBC3D0 /* PicScrollViewController.m in Sources */ = {isa = PBXBuildFile; fileRef = 21C862A61C0446BB00FBC3D0 /* PicScrollViewController.m */; };
		21C862AA1C04476600FBC3D0 /* imageInfo.plist in Resources */ = {isa = PBXBuildFile; fileRef = 21C862A91C04476600FBC3D0 /* imageInfo.plist */; };
		21EBEAB01C0EC40D007AA574 /* RefreshViewController.m in Sources */ = {isa = PBXBuildFile; fileRef = 21EBEAAF1C0EC40D007AA574 /* RefreshViewController.m */; };
		21EBEAB31C0EC4F0007AA574 /* RefreshView.m in Sources */ = {isa = PBXBuildFile; fileRef = 21EBEAB21C0EC4F0007AA574 /* RefreshView.m */; };
		21EBEAB61C0EC9C3007AA574 /* DrawToImageViewController.m in Sources */ = {isa = PBXBuildFile; fileRef = 21EBEAB51C0EC9C3007AA574 /* DrawToImageViewController.m */; };
		21EE61BC1C0C997300EE9EB1 /* TouchEventViewController.m in Sources */ = {isa = PBXBuildFile; fileRef = 21EE61BB1C0C997300EE9EB1 /* TouchEventViewController.m */; };
		21EE61BF1C0C9AA300EE9EB1 /* MyImage.m in Sources */ = {isa = PBXBuildFile; fileRef = 21EE61BE1C0C9AA300EE9EB1 /* MyImage.m */; };
		21EE61C21C0CA5CC00EE9EB1 /* ShakeViewController.m in Sources */ = {isa = PBXBuildFile; fileRef = 21EE61C11C0CA5CC00EE9EB1 /* ShakeViewController.m */; };
		21F0E5B61C0DE1E0006209E1 /* BaseContactViewController.m in Sources */ = {isa = PBXBuildFile; fileRef = 21F0E5B51C0DE1E0006209E1 /* BaseContactViewController.m */; };
		21F0E5B91C0DE5E1006209E1 /* SearchContactViewController.m in Sources */ = {isa = PBXBuildFile; fileRef = 21F0E5B81C0DE5E1006209E1 /* SearchContactViewController.m */; };
		21F6A66D1C0FF291004BA8AD /* MainTableViewController.m in Sources */ = {isa = PBXBuildFile; fileRef = 21F6A66C1C0FF291004BA8AD /* MainTableViewController.m */; };
		21F6A6701C0FF308004BA8AD /* MainItem.m in Sources */ = {isa = PBXBuildFile; fileRef = 21F6A66F1C0FF308004BA8AD /* MainItem.m */; };
		21F846B41C0D3B5B00D8258A /* QuartzMainViewController.m in Sources */ = {isa = PBXBuildFile; fileRef = 21F846B31C0D3B5B00D8258A /* QuartzMainViewController.m */; };
		21F846B71C0D3F9600D8258A /* QuartzItem.m in Sources */ = {isa = PBXBuildFile; fileRef = 21F846B61C0D3F9600D8258A /* QuartzItem.m */; };
		21F846BA1C0D418500D8258A /* BaseDrawViewController.m in Sources */ = {isa = PBXBuildFile; fileRef = 21F846B91C0D418500D8258A /* BaseDrawViewController.m */; };
		21F8F7321C1024790097474E /* BaseLayerViewController.m in Sources */ = {isa = PBXBuildFile; fileRef = 21F8F7311C1024790097474E /* BaseLayerViewController.m */; };
		21F8F7351C1024A90097474E /* AnimationMainTableViewController.m in Sources */ = {isa = PBXBuildFile; fileRef = 21F8F7341C1024A90097474E /* AnimationMainTableViewController.m */; };
		21F8F7391C102B0B0097474E /* DrawWithLayerViewController.m in Sources */ = {isa = PBXBuildFile; fileRef = 21F8F7381C102B0B0097474E /* DrawWithLayerViewController.m */; };
		21F94EBF1C0D8C7F00ABD56A /* BaseDrawView.m in Sources */ = {isa = PBXBuildFile; fileRef = 21F94EBE1C0D8C7F00ABD56A /* BaseDrawView.m */; };
		21FC8ADE1C117BDA001D98DE /* KeyframeAnimationViewController.m in Sources */ = {isa = PBXBuildFile; fileRef = 21FC8ADD1C117BDA001D98DE /* KeyframeAnimationViewController.m */; };
		21FC8AE11C11811A001D98DE /* GroupAnimationViewController.m in Sources */ = {isa = PBXBuildFile; fileRef = 21FC8AE01C11811A001D98DE /* GroupAnimationViewController.m */; };
		21FE203E1C069781007B6A3B /* weiboData.plist in Resources */ = {isa = PBXBuildFile; fileRef = 21FE203D1C069781007B6A3B /* weiboData.plist */; };
		21FE20491C06A0F3007B6A3B /* WeiboData.m in Sources */ = {isa = PBXBuildFile; fileRef = 21FE20481C06A0F3007B6A3B /* WeiboData.m */; };
		21FE204C1C06A2DF007B6A3B /* WeiBoViewController.m in Sources */ = {isa = PBXBuildFile; fileRef = 21FE204B1C06A2DF007B6A3B /* WeiBoViewController.m */; };
		21FE20501C06A3BE007B6A3B /* WeiboTableViewCell.m in Sources */ = {isa = PBXBuildFile; fileRef = 21FE204F1C06A3BE007B6A3B /* WeiboTableViewCell.m */; };
		21FE3B241C131DA300BFC768 /* TransitionAnimationViewController.m in Sources */ = {isa = PBXBuildFile; fileRef = 21FE3B231C131DA300BFC768 /* TransitionAnimationViewController.m */; };
		21FE3B271C1322BB00BFC768 /* FrameByFrameViewController.m in Sources */ = {isa = PBXBuildFile; fileRef = 21FE3B261C1322BB00BFC768 /* FrameByFrameViewController.m */; };
		21FE3B2A1C1328A800BFC768 /* MyUIViewBaseAnimationViewController.m in Sources */ = {isa = PBXBuildFile; fileRef = 21FE3B291C1328A800BFC768 /* MyUIViewBaseAnimationViewController.m */; };
		21FE3B2D1C1328D700BFC768 /* MyUIViewBallAnimationViewController.m in Sources */ = {isa = PBXBuildFile; fileRef = 21FE3B2C1C1328D700BFC768 /* MyUIViewBallAnimationViewController.m */; };
		21FE3B301C1328F200BFC768 /* MyUIViewKeyFrameAnimationViewController.m in Sources */ = {isa = PBXBuildFile; fileRef = 21FE3B2F1C1328F200BFC768 /* MyUIViewKeyFrameAnimationViewController.m */; };
		21FE3B331C13291200BFC768 /* MyUIViewTransitionAnimationViewController.m in Sources */ = {isa = PBXBuildFile; fileRef = 21FE3B321C13291200BFC768 /* MyUIViewTransitionAnimationViewController.m */; };
/* End PBXBuildFile section */

/* Begin PBXContainerItemProxy section */
		21C862971C04388000FBC3D0 /* PBXContainerItemProxy */ = {
			isa = PBXContainerItemProxy;
			containerPortal = 21C862751C04387F00FBC3D0 /* Project object */;
			proxyType = 1;
			remoteGlobalIDString = 21C8627C1C04387F00FBC3D0;
			remoteInfo = myUITest;
		};
/* End PBXContainerItemProxy section */

/* Begin PBXFileReference section */
		2100F1AC1C0561450050CEFF /* SinglePicViewController.h */ = {isa = PBXFileReference; fileEncoding = 4; lastKnownFileType = sourcecode.c.h; path = SinglePicViewController.h; sourceTree = "<group>"; };
		2100F1AD1C0561450050CEFF /* SinglePicViewController.m */ = {isa = PBXFileReference; fileEncoding = 4; lastKnownFileType = sourcecode.c.objc; path = SinglePicViewController.m; sourceTree = "<group>"; };
		2100F1B01C0567790050CEFF /* Contact.h */ = {isa = PBXFileReference; fileEncoding = 4; lastKnownFileType = sourcecode.c.h; path = Contact.h; sourceTree = "<group>"; };
		2100F1B11C0567790050CEFF /* Contact.m */ = {isa = PBXFileReference; fileEncoding = 4; lastKnownFileType = sourcecode.c.objc; path = Contact.m; sourceTree = "<group>"; };
		2100F1B31C0569470050CEFF /* ContactGroup.h */ = {isa = PBXFileReference; fileEncoding = 4; lastKnownFileType = sourcecode.c.h; path = ContactGroup.h; sourceTree = "<group>"; };
		2100F1B41C0569470050CEFF /* ContactGroup.m */ = {isa = PBXFileReference; fileEncoding = 4; lastKnownFileType = sourcecode.c.objc; path = ContactGroup.m; sourceTree = "<group>"; };
		2100F1B61C056AC40050CEFF /* ContactViewController.h */ = {isa = PBXFileReference; fileEncoding = 4; lastKnownFileType = sourcecode.c.h; path = ContactViewController.h; sourceTree = "<group>"; };
		2100F1B71C056AC40050CEFF /* ContactViewController.m */ = {isa = PBXFileReference; fileEncoding = 4; lastKnownFileType = sourcecode.c.objc; path = ContactViewController.m; sourceTree = "<group>"; };
		212293E91C103CC400F3DB0B /* CustomLayerDrawViewController.h */ = {isa = PBXFileReference; fileEncoding = 4; lastKnownFileType = sourcecode.c.h; path = CustomLayerDrawViewController.h; sourceTree = "<group>"; };
		212293EA1C103CC400F3DB0B /* CustomLayerDrawViewController.m */ = {isa = PBXFileReference; fileEncoding = 4; lastKnownFileType = sourcecode.c.objc; path = CustomLayerDrawViewController.m; sourceTree = "<group>"; };
		212293ED1C103E0300F3DB0B /* MyLayer.h */ = {isa = PBXFileReference; fileEncoding = 4; lastKnownFileType = sourcecode.c.h; path = MyLayer.h; sourceTree = "<group>"; };
		212293EE1C103E0300F3DB0B /* MyLayer.m */ = {isa = PBXFileReference; fileEncoding = 4; lastKnownFileType = sourcecode.c.objc; path = MyLayer.m; sourceTree = "<group>"; };
		212293F01C103EDB00F3DB0B /* CustomView.h */ = {isa = PBXFileReference; fileEncoding = 4; lastKnownFileType = sourcecode.c.h; path = CustomView.h; sourceTree = "<group>"; };
		212293F11C103EDB00F3DB0B /* CustomView.m */ = {isa = PBXFileReference; fileEncoding = 4; lastKnownFileType = sourcecode.c.objc; path = CustomView.m; sourceTree = "<group>"; };
		212293F41C10443A00F3DB0B /* BaseAnimationViewController.h */ = {isa = PBXFileReference; fileEncoding = 4; lastKnownFileType = sourcecode.c.h; path = BaseAnimationViewController.h; sourceTree = "<group>"; };
		212293F51C10443A00F3DB0B /* BaseAnimationViewController.m */ = {isa = PBXFileReference; fileEncoding = 4; lastKnownFileType = sourcecode.c.objc; path = BaseAnimationViewController.m; sourceTree = "<group>"; };
		215ACF9A1C0F37C800EAEF71 /* MeiTuViewController.h */ = {isa = PBXFileReference; fileEncoding = 4; lastKnownFileType = sourcecode.c.h; path = MeiTuViewController.h; sourceTree = "<group>"; };
		215ACF9B1C0F37C800EAEF71 /* MeiTuViewController.m */ = {isa = PBXFileReference; fileEncoding = 4; lastKnownFileType = sourcecode.c.objc; path = MeiTuViewController.m; sourceTree = "<group>"; };
		2178E1951C0C7FFF003D245F /* PhotoGestureViewController.h */ = {isa = PBXFileReference; fileEncoding = 4; lastKnownFileType = sourcecode.c.h; path = PhotoGestureViewController.h; sourceTree = "<group>"; };
		2178E1961C0C7FFF003D245F /* PhotoGestureViewController.m */ = {isa = PBXFileReference; fileEncoding = 4; lastKnownFileType = sourcecode.c.objc; path = PhotoGestureViewController.m; sourceTree = "<group>"; };
		2187370C1C0A96FE0013B0E7 /* WJContactViewController.h */ = {isa = PBXFileReference; fileEncoding = 4; lastKnownFileType = sourcecode.c.h; path = WJContactViewController.h; sourceTree = "<group>"; };
		2187370D1C0A96FE0013B0E7 /* WJContactViewController.m */ = {isa = PBXFileReference; fileEncoding = 4; lastKnownFileType = sourcecode.c.objc; path = WJContactViewController.m; sourceTree = "<group>"; };
		21C4B7C41C0BE318002A4DFF /* MyPopViewController.h */ = {isa = PBXFileReference; fileEncoding = 4; lastKnownFileType = sourcecode.c.h; path = MyPopViewController.h; sourceTree = "<group>"; };
		21C4B7C51C0BE318002A4DFF /* MyPopViewController.m */ = {isa = PBXFileReference; fileEncoding = 4; lastKnownFileType = sourcecode.c.objc; path = MyPopViewController.m; sourceTree = "<group>"; };
		21C4B7C81C0BE713002A4DFF /* LoginViewController.h */ = {isa = PBXFileReference; fileEncoding = 4; lastKnownFileType = sourcecode.c.h; path = LoginViewController.h; sourceTree = "<group>"; };
		21C4B7C91C0BE713002A4DFF /* LoginViewController.m */ = {isa = PBXFileReference; fileEncoding = 4; lastKnownFileType = sourcecode.c.objc; path = LoginViewController.m; sourceTree = "<group>"; };
		21C8627D1C04387F00FBC3D0 /* myUITest.app */ = {isa = PBXFileReference; explicitFileType = wrapper.application; includeInIndex = 0; path = myUITest.app; sourceTree = BUILT_PRODUCTS_DIR; };
		21C862811C04387F00FBC3D0 /* main.m */ = {isa = PBXFileReference; lastKnownFileType = sourcecode.c.objc; path = main.m; sourceTree = "<group>"; };
		21C862831C04387F00FBC3D0 /* AppDelegate.h */ = {isa = PBXFileReference; lastKnownFileType = sourcecode.c.h; path = AppDelegate.h; sourceTree = "<group>"; };
		21C862841C04387F00FBC3D0 /* AppDelegate.m */ = {isa = PBXFileReference; lastKnownFileType = sourcecode.c.objc; path = AppDelegate.m; sourceTree = "<group>"; };
		21C8628A1C04387F00FBC3D0 /* Base */ = {isa = PBXFileReference; lastKnownFileType = file.storyboard; name = Base; path = Base.lproj/Main.storyboard; sourceTree = "<group>"; };
		21C8628C1C04387F00FBC3D0 /* Assets.xcassets */ = {isa = PBXFileReference; lastKnownFileType = folder.assetcatalog; path = Assets.xcassets; sourceTree = "<group>"; };
		21C8628F1C04387F00FBC3D0 /* Base */ = {isa = PBXFileReference; lastKnownFileType = file.storyboard; name = Base; path = Base.lproj/LaunchScreen.storyboard; sourceTree = "<group>"; };
		21C862911C04387F00FBC3D0 /* Info.plist */ = {isa = PBXFileReference; lastKnownFileType = text.plist.xml; path = Info.plist; sourceTree = "<group>"; };
		21C862961C04388000FBC3D0 /* myUITestTests.xctest */ = {isa = PBXFileReference; explicitFileType = wrapper.cfbundle; includeInIndex = 0; path = myUITestTests.xctest; sourceTree = BUILT_PRODUCTS_DIR; };
		21C8629A1C04388000FBC3D0 /* myUITestTests.m */ = {isa = PBXFileReference; lastKnownFileType = sourcecode.c.objc; path = myUITestTests.m; sourceTree = "<group>"; };
		21C8629C1C04388000FBC3D0 /* Info.plist */ = {isa = PBXFileReference; lastKnownFileType = text.plist.xml; path = Info.plist; sourceTree = "<group>"; };
		21C862A51C0446BB00FBC3D0 /* PicScrollViewController.h */ = {isa = PBXFileReference; fileEncoding = 4; lastKnownFileType = sourcecode.c.h; path = PicScrollViewController.h; sourceTree = "<group>"; };
		21C862A61C0446BB00FBC3D0 /* PicScrollViewController.m */ = {isa = PBXFileReference; fileEncoding = 4; lastKnownFileType = sourcecode.c.objc; path = PicScrollViewController.m; sourceTree = "<group>"; };
		21C862A91C04476600FBC3D0 /* imageInfo.plist */ = {isa = PBXFileReference; fileEncoding = 4; lastKnownFileType = text.plist.xml; path = imageInfo.plist; sourceTree = "<group>"; };
		21EBEAAE1C0EC40D007AA574 /* RefreshViewController.h */ = {isa = PBXFileReference; fileEncoding = 4; lastKnownFileType = sourcecode.c.h; path = RefreshViewController.h; sourceTree = "<group>"; };
		21EBEAAF1C0EC40D007AA574 /* RefreshViewController.m */ = {isa = PBXFileReference; fileEncoding = 4; lastKnownFileType = sourcecode.c.objc; path = RefreshViewController.m; sourceTree = "<group>"; };
		21EBEAB11C0EC4F0007AA574 /* RefreshView.h */ = {isa = PBXFileReference; fileEncoding = 4; lastKnownFileType = sourcecode.c.h; path = RefreshView.h; sourceTree = "<group>"; };
		21EBEAB21C0EC4F0007AA574 /* RefreshView.m */ = {isa = PBXFileReference; fileEncoding = 4; lastKnownFileType = sourcecode.c.objc; path = RefreshView.m; sourceTree = "<group>"; };
		21EBEAB41C0EC9C3007AA574 /* DrawToImageViewController.h */ = {isa = PBXFileReference; fileEncoding = 4; lastKnownFileType = sourcecode.c.h; path = DrawToImageViewController.h; sourceTree = "<group>"; };
		21EBEAB51C0EC9C3007AA574 /* DrawToImageViewController.m */ = {isa = PBXFileReference; fileEncoding = 4; lastKnownFileType = sourcecode.c.objc; path = DrawToImageViewController.m; sourceTree = "<group>"; };
		21EE61BA1C0C997300EE9EB1 /* TouchEventViewController.h */ = {isa = PBXFileReference; fileEncoding = 4; lastKnownFileType = sourcecode.c.h; path = TouchEventViewController.h; sourceTree = "<group>"; };
		21EE61BB1C0C997300EE9EB1 /* TouchEventViewController.m */ = {isa = PBXFileReference; fileEncoding = 4; lastKnownFileType = sourcecode.c.objc; path = TouchEventViewController.m; sourceTree = "<group>"; };
		21EE61BD1C0C9AA300EE9EB1 /* MyImage.h */ = {isa = PBXFileReference; fileEncoding = 4; lastKnownFileType = sourcecode.c.h; path = MyImage.h; sourceTree = "<group>"; };
		21EE61BE1C0C9AA300EE9EB1 /* MyImage.m */ = {isa = PBXFileReference; fileEncoding = 4; lastKnownFileType = sourcecode.c.objc; path = MyImage.m; sourceTree = "<group>"; };
		21EE61C01C0CA5CC00EE9EB1 /* ShakeViewController.h */ = {isa = PBXFileReference; fileEncoding = 4; lastKnownFileType = sourcecode.c.h; path = ShakeViewController.h; sourceTree = "<group>"; };
		21EE61C11C0CA5CC00EE9EB1 /* ShakeViewController.m */ = {isa = PBXFileReference; fileEncoding = 4; lastKnownFileType = sourcecode.c.objc; path = ShakeViewController.m; sourceTree = "<group>"; };
		21F0E5B41C0DE1E0006209E1 /* BaseContactViewController.h */ = {isa = PBXFileReference; fileEncoding = 4; lastKnownFileType = sourcecode.c.h; path = BaseContactViewController.h; sourceTree = "<group>"; };
		21F0E5B51C0DE1E0006209E1 /* BaseContactViewController.m */ = {isa = PBXFileReference; fileEncoding = 4; lastKnownFileType = sourcecode.c.objc; path = BaseContactViewController.m; sourceTree = "<group>"; };
		21F0E5B71C0DE5E1006209E1 /* SearchContactViewController.h */ = {isa = PBXFileReference; fileEncoding = 4; lastKnownFileType = sourcecode.c.h; path = SearchContactViewController.h; sourceTree = "<group>"; };
		21F0E5B81C0DE5E1006209E1 /* SearchContactViewController.m */ = {isa = PBXFileReference; fileEncoding = 4; lastKnownFileType = sourcecode.c.objc; path = SearchContactViewController.m; sourceTree = "<group>"; };
		21F6A66B1C0FF291004BA8AD /* MainTableViewController.h */ = {isa = PBXFileReference; fileEncoding = 4; lastKnownFileType = sourcecode.c.h; path = MainTableViewController.h; sourceTree = "<group>"; };
		21F6A66C1C0FF291004BA8AD /* MainTableViewController.m */ = {isa = PBXFileReference; fileEncoding = 4; lastKnownFileType = sourcecode.c.objc; path = MainTableViewController.m; sourceTree = "<group>"; };
		21F6A66E1C0FF308004BA8AD /* MainItem.h */ = {isa = PBXFileReference; fileEncoding = 4; lastKnownFileType = sourcecode.c.h; path = MainItem.h; sourceTree = "<group>"; };
		21F6A66F1C0FF308004BA8AD /* MainItem.m */ = {isa = PBXFileReference; fileEncoding = 4; lastKnownFileType = sourcecode.c.objc; path = MainItem.m; sourceTree = "<group>"; };
		21F846B21C0D3B5B00D8258A /* QuartzMainViewController.h */ = {isa = PBXFileReference; fileEncoding = 4; lastKnownFileType = sourcecode.c.h; path = QuartzMainViewController.h; sourceTree = "<group>"; };
		21F846B31C0D3B5B00D8258A /* QuartzMainViewController.m */ = {isa = PBXFileReference; fileEncoding = 4; lastKnownFileType = sourcecode.c.objc; path = QuartzMainViewController.m; sourceTree = "<group>"; };
		21F846B51C0D3F9600D8258A /* QuartzItem.h */ = {isa = PBXFileReference; fileEncoding = 4; lastKnownFileType = sourcecode.c.h; path = QuartzItem.h; sourceTree = "<group>"; };
		21F846B61C0D3F9600D8258A /* QuartzItem.m */ = {isa = PBXFileReference; fileEncoding = 4; lastKnownFileType = sourcecode.c.objc; path = QuartzItem.m; sourceTree = "<group>"; };
		21F846B81C0D418500D8258A /* BaseDrawViewController.h */ = {isa = PBXFileReference; fileEncoding = 4; lastKnownFileType = sourcecode.c.h; path = BaseDrawViewController.h; sourceTree = "<group>"; };
		21F846B91C0D418500D8258A /* BaseDrawViewController.m */ = {isa = PBXFileReference; fileEncoding = 4; lastKnownFileType = sourcecode.c.objc; path = BaseDrawViewController.m; sourceTree = "<group>"; };
		21F8F7301C1024790097474E /* BaseLayerViewController.h */ = {isa = PBXFileReference; fileEncoding = 4; lastKnownFileType = sourcecode.c.h; path = BaseLayerViewController.h; sourceTree = "<group>"; };
		21F8F7311C1024790097474E /* BaseLayerViewController.m */ = {isa = PBXFileReference; fileEncoding = 4; lastKnownFileType = sourcecode.c.objc; path = BaseLayerViewController.m; sourceTree = "<group>"; };
		21F8F7331C1024A90097474E /* AnimationMainTableViewController.h */ = {isa = PBXFileReference; fileEncoding = 4; lastKnownFileType = sourcecode.c.h; path = AnimationMainTableViewController.h; sourceTree = "<group>"; };
		21F8F7341C1024A90097474E /* AnimationMainTableViewController.m */ = {isa = PBXFileReference; fileEncoding = 4; lastKnownFileType = sourcecode.c.objc; path = AnimationMainTableViewController.m; sourceTree = "<group>"; };
		21F8F7371C102B0B0097474E /* DrawWithLayerViewController.h */ = {isa = PBXFileReference; fileEncoding = 4; lastKnownFileType = sourcecode.c.h; path = DrawWithLayerViewController.h; sourceTree = "<group>"; };
		21F8F7381C102B0B0097474E /* DrawWithLayerViewController.m */ = {isa = PBXFileReference; fileEncoding = 4; lastKnownFileType = sourcecode.c.objc; path = DrawWithLayerViewController.m; sourceTree = "<group>"; };
		21F94EBD1C0D8C7F00ABD56A /* BaseDrawView.h */ = {isa = PBXFileReference; fileEncoding = 4; lastKnownFileType = sourcecode.c.h; path = BaseDrawView.h; sourceTree = "<group>"; };
		21F94EBE1C0D8C7F00ABD56A /* BaseDrawView.m */ = {isa = PBXFileReference; fileEncoding = 4; lastKnownFileType = sourcecode.c.objc; path = BaseDrawView.m; sourceTree = "<group>"; };
		21FC8ADC1C117BD9001D98DE /* KeyframeAnimationViewController.h */ = {isa = PBXFileReference; fileEncoding = 4; lastKnownFileType = sourcecode.c.h; path = KeyframeAnimationViewController.h; sourceTree = "<group>"; };
		21FC8ADD1C117BDA001D98DE /* KeyframeAnimationViewController.m */ = {isa = PBXFileReference; fileEncoding = 4; lastKnownFileType = sourcecode.c.objc; path = KeyframeAnimationViewController.m; sourceTree = "<group>"; };
		21FC8ADF1C11811A001D98DE /* GroupAnimationViewController.h */ = {isa = PBXFileReference; fileEncoding = 4; lastKnownFileType = sourcecode.c.h; path = GroupAnimationViewController.h; sourceTree = "<group>"; };
		21FC8AE01C11811A001D98DE /* GroupAnimationViewController.m */ = {isa = PBXFileReference; fileEncoding = 4; lastKnownFileType = sourcecode.c.objc; path = GroupAnimationViewController.m; sourceTree = "<group>"; };
		21FE203D1C069781007B6A3B /* weiboData.plist */ = {isa = PBXFileReference; fileEncoding = 4; lastKnownFileType = text.plist.xml; path = weiboData.plist; sourceTree = "<group>"; };
		21FE20471C06A0F3007B6A3B /* WeiboData.h */ = {isa = PBXFileReference; fileEncoding = 4; lastKnownFileType = sourcecode.c.h; path = WeiboData.h; sourceTree = "<group>"; };
		21FE20481C06A0F3007B6A3B /* WeiboData.m */ = {isa = PBXFileReference; fileEncoding = 4; lastKnownFileType = sourcecode.c.objc; path = WeiboData.m; sourceTree = "<group>"; };
		21FE204A1C06A2DF007B6A3B /* WeiBoViewController.h */ = {isa = PBXFileReference; fileEncoding = 4; lastKnownFileType = sourcecode.c.h; path = WeiBoViewController.h; sourceTree = "<group>"; };
		21FE204B1C06A2DF007B6A3B /* WeiBoViewController.m */ = {isa = PBXFileReference; fileEncoding = 4; lastKnownFileType = sourcecode.c.objc; path = WeiBoViewController.m; sourceTree = "<group>"; };
		21FE204E1C06A3BE007B6A3B /* WeiboTableViewCell.h */ = {isa = PBXFileReference; fileEncoding = 4; lastKnownFileType = sourcecode.c.h; path = WeiboTableViewCell.h; sourceTree = "<group>"; };
		21FE204F1C06A3BE007B6A3B /* WeiboTableViewCell.m */ = {isa = PBXFileReference; fileEncoding = 4; lastKnownFileType = sourcecode.c.objc; path = WeiboTableViewCell.m; sourceTree = "<group>"; };
		21FE3B221C131DA300BFC768 /* TransitionAnimationViewController.h */ = {isa = PBXFileReference; fileEncoding = 4; lastKnownFileType = sourcecode.c.h; path = TransitionAnimationViewController.h; sourceTree = "<group>"; };
		21FE3B231C131DA300BFC768 /* TransitionAnimationViewController.m */ = {isa = PBXFileReference; fileEncoding = 4; lastKnownFileType = sourcecode.c.objc; path = TransitionAnimationViewController.m; sourceTree = "<group>"; };
		21FE3B251C1322BB00BFC768 /* FrameByFrameViewController.h */ = {isa = PBXFileReference; fileEncoding = 4; lastKnownFileType = sourcecode.c.h; path = FrameByFrameViewController.h; sourceTree = "<group>"; };
		21FE3B261C1322BB00BFC768 /* FrameByFrameViewController.m */ = {isa = PBXFileReference; fileEncoding = 4; lastKnownFileType = sourcecode.c.objc; path = FrameByFrameViewController.m; sourceTree = "<group>"; };
		21FE3B281C1328A800BFC768 /* MyUIViewBaseAnimationViewController.h */ = {isa = PBXFileReference; fileEncoding = 4; lastKnownFileType = sourcecode.c.h; path = MyUIViewBaseAnimationViewController.h; sourceTree = "<group>"; };
		21FE3B291C1328A800BFC768 /* MyUIViewBaseAnimationViewController.m */ = {isa = PBXFileReference; fileEncoding = 4; lastKnownFileType = sourcecode.c.objc; path = MyUIViewBaseAnimationViewController.m; sourceTree = "<group>"; };
		21FE3B2B1C1328D700BFC768 /* MyUIViewBallAnimationViewController.h */ = {isa = PBXFileReference; fileEncoding = 4; lastKnownFileType = sourcecode.c.h; path = MyUIViewBallAnimationViewController.h; sourceTree = "<group>"; };
		21FE3B2C1C1328D700BFC768 /* MyUIViewBallAnimationViewController.m */ = {isa = PBXFileReference; fileEncoding = 4; lastKnownFileType = sourcecode.c.objc; path = MyUIViewBallAnimationViewController.m; sourceTree = "<group>"; };
		21FE3B2E1C1328F200BFC768 /* MyUIViewKeyFrameAnimationViewController.h */ = {isa = PBXFileReference; fileEncoding = 4; lastKnownFileType = sourcecode.c.h; path = MyUIViewKeyFrameAnimationViewController.h; sourceTree = "<group>"; };
		21FE3B2F1C1328F200BFC768 /* MyUIViewKeyFrameAnimationViewController.m */ = {isa = PBXFileReference; fileEncoding = 4; lastKnownFileType = sourcecode.c.objc; path = MyUIViewKeyFrameAnimationViewController.m; sourceTree = "<group>"; };
		21FE3B311C13291200BFC768 /* MyUIViewTransitionAnimationViewController.h */ = {isa = PBXFileReference; fileEncoding = 4; lastKnownFileType = sourcecode.c.h; path = MyUIViewTransitionAnimationViewController.h; sourceTree = "<group>"; };
		21FE3B321C13291200BFC768 /* MyUIViewTransitionAnimationViewController.m */ = {isa = PBXFileReference; fileEncoding = 4; lastKnownFileType = sourcecode.c.objc; path = MyUIViewTransitionAnimationViewController.m; sourceTree = "<group>"; };
/* End PBXFileReference section */

/* Begin PBXFrameworksBuildPhase section */
		21C8627A1C04387F00FBC3D0 /* Frameworks */ = {
			isa = PBXFrameworksBuildPhase;
			buildActionMask = 2147483647;
			files = (
			);
			runOnlyForDeploymentPostprocessing = 0;
		};
		21C862931C04388000FBC3D0 /* Frameworks */ = {
			isa = PBXFrameworksBuildPhase;
			buildActionMask = 2147483647;
			files = (
			);
			runOnlyForDeploymentPostprocessing = 0;
		};
/* End PBXFrameworksBuildPhase section */

/* Begin PBXGroup section */
		2100F1AF1C0567360050CEFF /* model */ = {
			isa = PBXGroup;
			children = (
				21C862A91C04476600FBC3D0 /* imageInfo.plist */,
				2100F1B01C0567790050CEFF /* Contact.h */,
				2100F1B11C0567790050CEFF /* Contact.m */,
				2100F1B31C0569470050CEFF /* ContactGroup.h */,
				2100F1B41C0569470050CEFF /* ContactGroup.m */,
				21FE203D1C069781007B6A3B /* weiboData.plist */,
				21FE20471C06A0F3007B6A3B /* WeiboData.h */,
				21FE20481C06A0F3007B6A3B /* WeiboData.m */,
				21F846B51C0D3F9600D8258A /* QuartzItem.h */,
				21F846B61C0D3F9600D8258A /* QuartzItem.m */,
				21F6A66E1C0FF308004BA8AD /* MainItem.h */,
				21F6A66F1C0FF308004BA8AD /* MainItem.m */,
			);
			name = model;
			sourceTree = "<group>";
		};
		212293EC1C103DD000F3DB0B /* view */ = {
			isa = PBXGroup;
			children = (
				212293ED1C103E0300F3DB0B /* MyLayer.h */,
				212293EE1C103E0300F3DB0B /* MyLayer.m */,
				212293F01C103EDB00F3DB0B /* CustomView.h */,
				212293F11C103EDB00F3DB0B /* CustomView.m */,
			);
			name = view;
			sourceTree = "<group>";
		};
		212293F31C10441800F3DB0B /* ani */ = {
			isa = PBXGroup;
			children = (
				212293F41C10443A00F3DB0B /* BaseAnimationViewController.h */,
				212293F51C10443A00F3DB0B /* BaseAnimationViewController.m */,
				21FC8ADC1C117BD9001D98DE /* KeyframeAnimationViewController.h */,
				21FC8ADD1C117BDA001D98DE /* KeyframeAnimationViewController.m */,
				21FC8ADF1C11811A001D98DE /* GroupAnimationViewController.h */,
				21FC8AE01C11811A001D98DE /* GroupAnimationViewController.m */,
				21FE3B221C131DA300BFC768 /* TransitionAnimationViewController.h */,
				21FE3B231C131DA300BFC768 /* TransitionAnimationViewController.m */,
				21FE3B251C1322BB00BFC768 /* FrameByFrameViewController.h */,
				21FE3B261C1322BB00BFC768 /* FrameByFrameViewController.m */,
				21FE3B281C1328A800BFC768 /* MyUIViewBaseAnimationViewController.h */,
				21FE3B291C1328A800BFC768 /* MyUIViewBaseAnimationViewController.m */,
				21FE3B2B1C1328D700BFC768 /* MyUIViewBallAnimationViewController.h */,
				21FE3B2C1C1328D700BFC768 /* MyUIViewBallAnimationViewController.m */,
				21FE3B2E1C1328F200BFC768 /* MyUIViewKeyFrameAnimationViewController.h */,
				21FE3B2F1C1328F200BFC768 /* MyUIViewKeyFrameAnimationViewController.m */,
				21FE3B311C13291200BFC768 /* MyUIViewTransitionAnimationViewController.h */,
				21FE3B321C13291200BFC768 /* MyUIViewTransitionAnimationViewController.m */,
			);
			name = ani;
			sourceTree = "<group>";
		};
		2178E1901C0C7F04003D245F /* contact */ = {
			isa = PBXGroup;
			children = (
				2100F1B61C056AC40050CEFF /* ContactViewController.h */,
				2100F1B71C056AC40050CEFF /* ContactViewController.m */,
				21F0E5B41C0DE1E0006209E1 /* BaseContactViewController.h */,
				21F0E5B51C0DE1E0006209E1 /* BaseContactViewController.m */,
				21F0E5B71C0DE5E1006209E1 /* SearchContactViewController.h */,
				21F0E5B81C0DE5E1006209E1 /* SearchContactViewController.m */,
			);
			name = contact;
			sourceTree = "<group>";
		};
		2178E1911C0C7F50003D245F /* gesture */ = {
			isa = PBXGroup;
			children = (
				2178E1951C0C7FFF003D245F /* PhotoGestureViewController.h */,
				2178E1961C0C7FFF003D245F /* PhotoGestureViewController.m */,
				21EE61BA1C0C997300EE9EB1 /* TouchEventViewController.h */,
				21EE61BB1C0C997300EE9EB1 /* TouchEventViewController.m */,
				21EE61C01C0CA5CC00EE9EB1 /* ShakeViewController.h */,
				21EE61C11C0CA5CC00EE9EB1 /* ShakeViewController.m */,
			);
			name = gesture;
			sourceTree = "<group>";
		};
		21C4B7C71C0BE6F4002A4DFF /* myPop */ = {
			isa = PBXGroup;
			children = (
				21C4B7C81C0BE713002A4DFF /* LoginViewController.h */,
				21C4B7C91C0BE713002A4DFF /* LoginViewController.m */,
			);
			name = myPop;
			sourceTree = "<group>";
		};
		21C862741C04387F00FBC3D0 = {
			isa = PBXGroup;
			children = (
				21C8627F1C04387F00FBC3D0 /* myUITest */,
				21C862991C04388000FBC3D0 /* myUITestTests */,
				21C8627E1C04387F00FBC3D0 /* Products */,
			);
			sourceTree = "<group>";
		};
		21C8627E1C04387F00FBC3D0 /* Products */ = {
			isa = PBXGroup;
			children = (
				21C8627D1C04387F00FBC3D0 /* myUITest.app */,
				21C862961C04388000FBC3D0 /* myUITestTests.xctest */,
			);
			name = Products;
			sourceTree = "<group>";
		};
		21C8627F1C04387F00FBC3D0 /* myUITest */ = {
			isa = PBXGroup;
			children = (
				21FE204D1C06A396007B6A3B /* view */,
				2100F1AF1C0567360050CEFF /* model */,
				21C862A81C0446D000FBC3D0 /* controller */,
				21C862831C04387F00FBC3D0 /* AppDelegate.h */,
				21C862841C04387F00FBC3D0 /* AppDelegate.m */,
				21C862891C04387F00FBC3D0 /* Main.storyboard */,
				21C8628C1C04387F00FBC3D0 /* Assets.xcassets */,
				21C8628E1C04387F00FBC3D0 /* LaunchScreen.storyboard */,
				21C862911C04387F00FBC3D0 /* Info.plist */,
				21C862801C04387F00FBC3D0 /* Supporting Files */,
			);
			path = myUITest;
			sourceTree = "<group>";
		};
		21C862801C04387F00FBC3D0 /* Supporting Files */ = {
			isa = PBXGroup;
			children = (
				21C862811C04387F00FBC3D0 /* main.m */,
			);
			name = "Supporting Files";
			sourceTree = "<group>";
		};
		21C862991C04388000FBC3D0 /* myUITestTests */ = {
			isa = PBXGroup;
			children = (
				21C8629A1C04388000FBC3D0 /* myUITestTests.m */,
				21C8629C1C04388000FBC3D0 /* Info.plist */,
			);
			path = myUITestTests;
			sourceTree = "<group>";
		};
		21C862A81C0446D000FBC3D0 /* controller */ = {
			isa = PBXGroup;
			children = (
				21F8F72F1C10245D0097474E /* animation */,
				21F846AE1C0D3A4E00D8258A /* Quartz */,
				2178E1911C0C7F50003D245F /* gesture */,
				2178E1901C0C7F04003D245F /* contact */,
				21C4B7C71C0BE6F4002A4DFF /* myPop */,
				21C862A51C0446BB00FBC3D0 /* PicScrollViewController.h */,
				21C862A61C0446BB00FBC3D0 /* PicScrollViewController.m */,
				2100F1AC1C0561450050CEFF /* SinglePicViewController.h */,
				2100F1AD1C0561450050CEFF /* SinglePicViewController.m */,
				21FE204A1C06A2DF007B6A3B /* WeiBoViewController.h */,
				21FE204B1C06A2DF007B6A3B /* WeiBoViewController.m */,
				21C4B7C41C0BE318002A4DFF /* MyPopViewController.h */,
				21C4B7C51C0BE318002A4DFF /* MyPopViewController.m */,
				2187370C1C0A96FE0013B0E7 /* WJContactViewController.h */,
				2187370D1C0A96FE0013B0E7 /* WJContactViewController.m */,
				21F6A66B1C0FF291004BA8AD /* MainTableViewController.h */,
				21F6A66C1C0FF291004BA8AD /* MainTableViewController.m */,
			);
			name = controller;
			sourceTree = "<group>";
		};
		21F846AE1C0D3A4E00D8258A /* Quartz */ = {
			isa = PBXGroup;
			children = (
				21F94EBC1C0D8C5C00ABD56A /* view */,
				21F846B21C0D3B5B00D8258A /* QuartzMainViewController.h */,
				21F846B31C0D3B5B00D8258A /* QuartzMainViewController.m */,
				21F846B81C0D418500D8258A /* BaseDrawViewController.h */,
				21F846B91C0D418500D8258A /* BaseDrawViewController.m */,
				21EBEAAE1C0EC40D007AA574 /* RefreshViewController.h */,
				21EBEAAF1C0EC40D007AA574 /* RefreshViewController.m */,
				21EBEAB41C0EC9C3007AA574 /* DrawToImageViewController.h */,
				21EBEAB51C0EC9C3007AA574 /* DrawToImageViewController.m */,
				215ACF9A1C0F37C800EAEF71 /* MeiTuViewController.h */,
				215ACF9B1C0F37C800EAEF71 /* MeiTuViewController.m */,
			);
			name = Quartz;
			sourceTree = "<group>";
		};
		21F8F72F1C10245D0097474E /* animation */ = {
			isa = PBXGroup;
			children = (
				212293F31C10441800F3DB0B /* ani */,
				21F8F7361C102AC90097474E /* layer */,
				21F8F7331C1024A90097474E /* AnimationMainTableViewController.h */,
				21F8F7341C1024A90097474E /* AnimationMainTableViewController.m */,
			);
			name = animation;
			sourceTree = "<group>";
		};
		21F8F7361C102AC90097474E /* layer */ = {
			isa = PBXGroup;
			children = (
				212293EC1C103DD000F3DB0B /* view */,
				21F8F7301C1024790097474E /* BaseLayerViewController.h */,
				21F8F7311C1024790097474E /* BaseLayerViewController.m */,
				21F8F7371C102B0B0097474E /* DrawWithLayerViewController.h */,
				21F8F7381C102B0B0097474E /* DrawWithLayerViewController.m */,
				212293E91C103CC400F3DB0B /* CustomLayerDrawViewController.h */,
				212293EA1C103CC400F3DB0B /* CustomLayerDrawViewController.m */,
			);
			name = layer;
			sourceTree = "<group>";
		};
		21F94EBC1C0D8C5C00ABD56A /* view */ = {
			isa = PBXGroup;
			children = (
				21F94EBD1C0D8C7F00ABD56A /* BaseDrawView.h */,
				21F94EBE1C0D8C7F00ABD56A /* BaseDrawView.m */,
				21EBEAB11C0EC4F0007AA574 /* RefreshView.h */,
				21EBEAB21C0EC4F0007AA574 /* RefreshView.m */,
			);
			name = view;
			sourceTree = "<group>";
		};
		21FE204D1C06A396007B6A3B /* view */ = {
			isa = PBXGroup;
			children = (
				21FE204E1C06A3BE007B6A3B /* WeiboTableViewCell.h */,
				21FE204F1C06A3BE007B6A3B /* WeiboTableViewCell.m */,
				21EE61BD1C0C9AA300EE9EB1 /* MyImage.h */,
				21EE61BE1C0C9AA300EE9EB1 /* MyImage.m */,
			);
			name = view;
			sourceTree = "<group>";
		};
/* End PBXGroup section */

/* Begin PBXNativeTarget section */
		21C8627C1C04387F00FBC3D0 /* myUITest */ = {
			isa = PBXNativeTarget;
			buildConfigurationList = 21C8629F1C04388000FBC3D0 /* Build configuration list for PBXNativeTarget "myUITest" */;
			buildPhases = (
				21C862791C04387F00FBC3D0 /* Sources */,
				21C8627A1C04387F00FBC3D0 /* Frameworks */,
				21C8627B1C04387F00FBC3D0 /* Resources */,
			);
			buildRules = (
			);
			dependencies = (
			);
			name = myUITest;
			productName = myUITest;
			productReference = 21C8627D1C04387F00FBC3D0 /* myUITest.app */;
			productType = "com.apple.product-type.application";
		};
		21C862951C04388000FBC3D0 /* myUITestTests */ = {
			isa = PBXNativeTarget;
			buildConfigurationList = 21C862A21C04388000FBC3D0 /* Build configuration list for PBXNativeTarget "myUITestTests" */;
			buildPhases = (
				21C862921C04388000FBC3D0 /* Sources */,
				21C862931C04388000FBC3D0 /* Frameworks */,
				21C862941C04388000FBC3D0 /* Resources */,
			);
			buildRules = (
			);
			dependencies = (
				21C862981C04388000FBC3D0 /* PBXTargetDependency */,
			);
			name = myUITestTests;
			productName = myUITestTests;
			productReference = 21C862961C04388000FBC3D0 /* myUITestTests.xctest */;
			productType = "com.apple.product-type.bundle.unit-test";
		};
/* End PBXNativeTarget section */

/* Begin PBXProject section */
		21C862751C04387F00FBC3D0 /* Project object */ = {
			isa = PBXProject;
			attributes = {
				LastUpgradeCheck = 0710;
				ORGANIZATIONNAME = wang;
				TargetAttributes = {
					21C8627C1C04387F00FBC3D0 = {
						CreatedOnToolsVersion = 7.1;
						DevelopmentTeam = 2FC773WC67;
					};
					21C862951C04388000FBC3D0 = {
						CreatedOnToolsVersion = 7.1;
						DevelopmentTeam = 2FC773WC67;
						TestTargetID = 21C8627C1C04387F00FBC3D0;
					};
				};
			};
			buildConfigurationList = 21C862781C04387F00FBC3D0 /* Build configuration list for PBXProject "myUITest" */;
			compatibilityVersion = "Xcode 3.2";
			developmentRegion = English;
			hasScannedForEncodings = 0;
			knownRegions = (
				en,
				Base,
			);
			mainGroup = 21C862741C04387F00FBC3D0;
			productRefGroup = 21C8627E1C04387F00FBC3D0 /* Products */;
			projectDirPath = "";
			projectRoot = "";
			targets = (
				21C8627C1C04387F00FBC3D0 /* myUITest */,
				21C862951C04388000FBC3D0 /* myUITestTests */,
			);
		};
/* End PBXProject section */

/* Begin PBXResourcesBuildPhase section */
		21C8627B1C04387F00FBC3D0 /* Resources */ = {
			isa = PBXResourcesBuildPhase;
			buildActionMask = 2147483647;
			files = (
				21C862AA1C04476600FBC3D0 /* imageInfo.plist in Resources */,
				21C862901C04387F00FBC3D0 /* LaunchScreen.storyboard in Resources */,
				21C8628D1C04387F00FBC3D0 /* Assets.xcassets in Resources */,
				21FE203E1C069781007B6A3B /* weiboData.plist in Resources */,
				21C8628B1C04387F00FBC3D0 /* Main.storyboard in Resources */,
			);
			runOnlyForDeploymentPostprocessing = 0;
		};
		21C862941C04388000FBC3D0 /* Resources */ = {
			isa = PBXResourcesBuildPhase;
			buildActionMask = 2147483647;
			files = (
			);
			runOnlyForDeploymentPostprocessing = 0;
		};
/* End PBXResourcesBuildPhase section */

/* Begin PBXSourcesBuildPhase section */
		21C862791C04387F00FBC3D0 /* Sources */ = {
			isa = PBXSourcesBuildPhase;
			buildActionMask = 2147483647;
			files = (
				21FE204C1C06A2DF007B6A3B /* WeiBoViewController.m in Sources */,
				212293EB1C103CC400F3DB0B /* CustomLayerDrawViewController.m in Sources */,
				21EE61BC1C0C997300EE9EB1 /* TouchEventViewController.m in Sources */,
				21FE3B301C1328F200BFC768 /* MyUIViewKeyFrameAnimationViewController.m in Sources */,
				21FE3B2D1C1328D700BFC768 /* MyUIViewBallAnimationViewController.m in Sources */,
				21FC8AE11C11811A001D98DE /* GroupAnimationViewController.m in Sources */,
				215ACF9C1C0F37C800EAEF71 /* MeiTuViewController.m in Sources */,
				21FE3B331C13291200BFC768 /* MyUIViewTransitionAnimationViewController.m in Sources */,
				21F846B71C0D3F9600D8258A /* QuartzItem.m in Sources */,
				2100F1B81C056AC40050CEFF /* ContactViewController.m in Sources */,
				21FE3B271C1322BB00BFC768 /* FrameByFrameViewController.m in Sources */,
				21C4B7CA1C0BE713002A4DFF /* LoginViewController.m in Sources */,
				21EBEAB61C0EC9C3007AA574 /* DrawToImageViewController.m in Sources */,
				21C862851C04387F00FBC3D0 /* AppDelegate.m in Sources */,
				2187370E1C0A96FE0013B0E7 /* WJContactViewController.m in Sources */,
				21C4B7C61C0BE318002A4DFF /* MyPopViewController.m in Sources */,
				21EBEAB01C0EC40D007AA574 /* RefreshViewController.m in Sources */,
				21F0E5B61C0DE1E0006209E1 /* BaseContactViewController.m in Sources */,
				2100F1AE1C0561450050CEFF /* SinglePicViewController.m in Sources */,
				21EBEAB31C0EC4F0007AA574 /* RefreshView.m in Sources */,
				21FE20501C06A3BE007B6A3B /* WeiboTableViewCell.m in Sources */,
				21FE3B2A1C1328A800BFC768 /* MyUIViewBaseAnimationViewController.m in Sources */,
				2100F1B21C0567790050CEFF /* Contact.m in Sources */,
				21F6A66D1C0FF291004BA8AD /* MainTableViewController.m in Sources */,
				21F846BA1C0D418500D8258A /* BaseDrawViewController.m in Sources */,
				212293EF1C103E0300F3DB0B /* MyLayer.m in Sources */,
				21EE61C21C0CA5CC00EE9EB1 /* ShakeViewController.m in Sources */,
				2178E1971C0C7FFF003D245F /* PhotoGestureViewController.m in Sources */,
				21F94EBF1C0D8C7F00ABD56A /* BaseDrawView.m in Sources */,
				21F846B41C0D3B5B00D8258A /* QuartzMainViewController.m in Sources */,
				21C862A71C0446BB00FBC3D0 /* PicScrollViewController.m in Sources */,
				212293F21C103EDB00F3DB0B /* CustomView.m in Sources */,
				2100F1B51C0569470050CEFF /* ContactGroup.m in Sources */,
				21F6A6701C0FF308004BA8AD /* MainItem.m in Sources */,
				21F8F7321C1024790097474E /* BaseLayerViewController.m in Sources */,
				21EE61BF1C0C9AA300EE9EB1 /* MyImage.m in Sources */,
				21FE20491C06A0F3007B6A3B /* WeiboData.m in Sources */,
				21F8F7351C1024A90097474E /* AnimationMainTableViewController.m in Sources */,
				21C862821C04387F00FBC3D0 /* main.m in Sources */,
				21F8F7391C102B0B0097474E /* DrawWithLayerViewController.m in Sources */,
				212293F61C10443A00F3DB0B /* BaseAnimationViewController.m in Sources */,
				21F0E5B91C0DE5E1006209E1 /* SearchContactViewController.m in Sources */,
				21FC8ADE1C117BDA001D98DE /* KeyframeAnimationViewController.m in Sources */,
				21FE3B241C131DA300BFC768 /* TransitionAnimationViewController.m in Sources */,
			);
			runOnlyForDeploymentPostprocessing = 0;
		};
		21C862921C04388000FBC3D0 /* Sources */ = {
			isa = PBXSourcesBuildPhase;
			buildActionMask = 2147483647;
			files = (
				21C8629B1C04388000FBC3D0 /* myUITestTests.m in Sources */,
			);
			runOnlyForDeploymentPostprocessing = 0;
		};
/* End PBXSourcesBuildPhase section */

/* Begin PBXTargetDependency section */
		21C862981C04388000FBC3D0 /* PBXTargetDependency */ = {
			isa = PBXTargetDependency;
			target = 21C8627C1C04387F00FBC3D0 /* myUITest */;
			targetProxy = 21C862971C04388000FBC3D0 /* PBXContainerItemProxy */;
		};
/* End PBXTargetDependency section */

/* Begin PBXVariantGroup section */
		21C862891C04387F00FBC3D0 /* Main.storyboard */ = {
			isa = PBXVariantGroup;
			children = (
				21C8628A1C04387F00FBC3D0 /* Base */,
			);
			name = Main.storyboard;
			sourceTree = "<group>";
		};
		21C8628E1C04387F00FBC3D0 /* LaunchScreen.storyboard */ = {
			isa = PBXVariantGroup;
			children = (
				21C8628F1C04387F00FBC3D0 /* Base */,
			);
			name = LaunchScreen.storyboard;
			sourceTree = "<group>";
		};
/* End PBXVariantGroup section */

/* Begin XCBuildConfiguration section */
		21C8629D1C04388000FBC3D0 /* Debug */ = {
			isa = XCBuildConfiguration;
			buildSettings = {
				ALWAYS_SEARCH_USER_PATHS = NO;
				CLANG_CXX_LANGUAGE_STANDARD = "gnu++0x";
				CLANG_CXX_LIBRARY = "libc++";
				CLANG_ENABLE_MODULES = YES;
				CLANG_ENABLE_OBJC_ARC = YES;
				CLANG_WARN_BOOL_CONVERSION = YES;
				CLANG_WARN_CONSTANT_CONVERSION = YES;
				CLANG_WARN_DIRECT_OBJC_ISA_USAGE = YES_ERROR;
				CLANG_WARN_EMPTY_BODY = YES;
				CLANG_WARN_ENUM_CONVERSION = YES;
				CLANG_WARN_INT_CONVERSION = YES;
				CLANG_WARN_OBJC_ROOT_CLASS = YES_ERROR;
				CLANG_WARN_UNREACHABLE_CODE = YES;
				CLANG_WARN__DUPLICATE_METHOD_MATCH = YES;
				"CODE_SIGN_IDENTITY[sdk=iphoneos*]" = "iPhone Developer";
				COPY_PHASE_STRIP = NO;
				DEBUG_INFORMATION_FORMAT = dwarf;
				ENABLE_STRICT_OBJC_MSGSEND = YES;
				ENABLE_TESTABILITY = YES;
				GCC_C_LANGUAGE_STANDARD = gnu99;
				GCC_DYNAMIC_NO_PIC = NO;
				GCC_NO_COMMON_BLOCKS = YES;
				GCC_OPTIMIZATION_LEVEL = 0;
				GCC_PREPROCESSOR_DEFINITIONS = (
					"DEBUG=1",
					"$(inherited)",
				);
				GCC_WARN_64_TO_32_BIT_CONVERSION = YES;
				GCC_WARN_ABOUT_RETURN_TYPE = YES_ERROR;
				GCC_WARN_UNDECLARED_SELECTOR = YES;
				GCC_WARN_UNINITIALIZED_AUTOS = YES_AGGRESSIVE;
				GCC_WARN_UNUSED_FUNCTION = YES;
				GCC_WARN_UNUSED_VARIABLE = YES;
				IPHONEOS_DEPLOYMENT_TARGET = 9.1;
				MTL_ENABLE_DEBUG_INFO = YES;
				ONLY_ACTIVE_ARCH = YES;
				SDKROOT = iphoneos;
				TARGETED_DEVICE_FAMILY = "1,2";
			};
			name = Debug;
		};
		21C8629E1C04388000FBC3D0 /* Release */ = {
			isa = XCBuildConfiguration;
			buildSettings = {
				ALWAYS_SEARCH_USER_PATHS = NO;
				CLANG_CXX_LANGUAGE_STANDARD = "gnu++0x";
				CLANG_CXX_LIBRARY = "libc++";
				CLANG_ENABLE_MODULES = YES;
				CLANG_ENABLE_OBJC_ARC = YES;
				CLANG_WARN_BOOL_CONVERSION = YES;
				CLANG_WARN_CONSTANT_CONVERSION = YES;
				CLANG_WARN_DIRECT_OBJC_ISA_USAGE = YES_ERROR;
				CLANG_WARN_EMPTY_BODY = YES;
				CLANG_WARN_ENUM_CONVERSION = YES;
				CLANG_WARN_INT_CONVERSION = YES;
				CLANG_WARN_OBJC_ROOT_CLASS = YES_ERROR;
				CLANG_WARN_UNREACHABLE_CODE = YES;
				CLANG_WARN__DUPLICATE_METHOD_MATCH = YES;
				"CODE_SIGN_IDENTITY[sdk=iphoneos*]" = "iPhone Developer";
				COPY_PHASE_STRIP = NO;
				DEBUG_INFORMATION_FORMAT = "dwarf-with-dsym";
				ENABLE_NS_ASSERTIONS = NO;
				ENABLE_STRICT_OBJC_MSGSEND = YES;
				GCC_C_LANGUAGE_STANDARD = gnu99;
				GCC_NO_COMMON_BLOCKS = YES;
				GCC_WARN_64_TO_32_BIT_CONVERSION = YES;
				GCC_WARN_ABOUT_RETURN_TYPE = YES_ERROR;
				GCC_WARN_UNDECLARED_SELECTOR = YES;
				GCC_WARN_UNINITIALIZED_AUTOS = YES_AGGRESSIVE;
				GCC_WARN_UNUSED_FUNCTION = YES;
				GCC_WARN_UNUSED_VARIABLE = YES;
				IPHONEOS_DEPLOYMENT_TARGET = 9.1;
				MTL_ENABLE_DEBUG_INFO = NO;
				SDKROOT = iphoneos;
				TARGETED_DEVICE_FAMILY = "1,2";
				VALIDATE_PRODUCT = YES;
			};
			name = Release;
		};
		21C862A01C04388000FBC3D0 /* Debug */ = {
			isa = XCBuildConfiguration;
			buildSettings = {
				ASSETCATALOG_COMPILER_APPICON_NAME = AppIcon;
				INFOPLIST_FILE = myUITest/Info.plist;
				LD_RUNPATH_SEARCH_PATHS = "$(inherited) @executable_path/Frameworks";
				PRODUCT_BUNDLE_IDENTIFIER = com.wang.myUITest;
				PRODUCT_NAME = "$(TARGET_NAME)";
			};
			name = Debug;
		};
		21C862A11C04388000FBC3D0 /* Release */ = {
			isa = XCBuildConfiguration;
			buildSettings = {
				ASSETCATALOG_COMPILER_APPICON_NAME = AppIcon;
				INFOPLIST_FILE = myUITest/Info.plist;
				LD_RUNPATH_SEARCH_PATHS = "$(inherited) @executable_path/Frameworks";
				PRODUCT_BUNDLE_IDENTIFIER = com.wang.myUITest;
				PRODUCT_NAME = "$(TARGET_NAME)";
			};
			name = Release;
		};
		21C862A31C04388000FBC3D0 /* Debug */ = {
			isa = XCBuildConfiguration;
			buildSettings = {
				BUNDLE_LOADER = "$(TEST_HOST)";
				INFOPLIST_FILE = myUITestTests/Info.plist;
				LD_RUNPATH_SEARCH_PATHS = "$(inherited) @executable_path/Frameworks @loader_path/Frameworks";
				PRODUCT_BUNDLE_IDENTIFIER = com.wang.myUITestTests;
				PRODUCT_NAME = "$(TARGET_NAME)";
				TEST_HOST = "$(BUILT_PRODUCTS_DIR)/myUITest.app/myUITest";
			};
			name = Debug;
		};
		21C862A41C04388000FBC3D0 /* Release */ = {
			isa = XCBuildConfiguration;
			buildSettings = {
				BUNDLE_LOADER = "$(TEST_HOST)";
				INFOPLIST_FILE = myUITestTests/Info.plist;
				LD_RUNPATH_SEARCH_PATHS = "$(inherited) @executable_path/Frameworks @loader_path/Frameworks";
				PRODUCT_BUNDLE_IDENTIFIER = com.wang.myUITestTests;
				PRODUCT_NAME = "$(TARGET_NAME)";
				TEST_HOST = "$(BUILT_PRODUCTS_DIR)/myUITest.app/myUITest";
			};
			name = Release;
		};
/* End XCBuildConfiguration section */

/* Begin XCConfigurationList section */
		21C862781C04387F00FBC3D0 /* Build configuration list for PBXProject "myUITest" */ = {
			isa = XCConfigurationList;
			buildConfigurations = (
				21C8629D1C04388000FBC3D0 /* Debug */,
				21C8629E1C04388000FBC3D0 /* Release */,
			);
			defaultConfigurationIsVisible = 0;
			defaultConfigurationName = Release;
		};
		21C8629F1C04388000FBC3D0 /* Build configuration list for PBXNativeTarget "myUITest" */ = {
			isa = XCConfigurationList;
			buildConfigurations = (
				21C862A01C04388000FBC3D0 /* Debug */,
				21C862A11C04388000FBC3D0 /* Release */,
			);
			defaultConfigurationIsVisible = 0;
			defaultConfigurationName = Release;
		};
		21C862A21C04388000FBC3D0 /* Build configuration list for PBXNativeTarget "myUITestTests" */ = {
			isa = XCConfigurationList;
			buildConfigurations = (
				21C862A31C04388000FBC3D0 /* Debug */,
				21C862A41C04388000FBC3D0 /* Release */,
			);
			defaultConfigurationIsVisible = 0;
			defaultConfigurationName = Release;
		};
/* End XCConfigurationList section */
	};
	rootObject = 21C862751C04387F00FBC3D0 /* Project object */;
}
