// !$*UTF8*$!
{
	archiveVersion = 1;
	classes = {
	};
	objectVersion = 46;
	objects = {

/* Begin PBXBuildFile section */
		21EF80931BA122FD00E75D1F /* main.m in Sources */ = {isa = PBXBuildFile; fileRef = 21EF80921BA122FD00E75D1F /* main.m */; };
		21EF80961BA122FD00E75D1F /* AppDelegate.m in Sources */ = {isa = PBXBuildFile; fileRef = 21EF80951BA122FD00E75D1F /* AppDelegate.m */; };
		21EF809E1BA122FD00E75D1F /* Images.xcassets in Resources */ = {isa = PBXBuildFile; fileRef = 21EF809D1BA122FD00E75D1F /* Images.xcassets */; };
		21EF80A11BA122FD00E75D1F /* LaunchScreen.xib in Resources */ = {isa = PBXBuildFile; fileRef = 21EF809F1BA122FD00E75D1F /* LaunchScreen.xib */; };
		21EF80AD1BA122FD00E75D1F /* todoListTests.m in Sources */ = {isa = PBXBuildFile; fileRef = 21EF80AC1BA122FD00E75D1F /* todoListTests.m */; };
/* End PBXBuildFile section */

/* Begin PBXContainerItemProxy section */
		21EF80A71BA122FD00E75D1F /* PBXContainerItemProxy */ = {
			isa = PBXContainerItemProxy;
			containerPortal = 21EF80851BA122FD00E75D1F /* Project object */;
			proxyType = 1;
			remoteGlobalIDString = 21EF808C1BA122FD00E75D1F;
			remoteInfo = todoList;
		};
/* End PBXContainerItemProxy section */

/* Begin PBXFileReference section */
		21EF808D1BA122FD00E75D1F /* todoList.app */ = {isa = PBXFileReference; explicitFileType = wrapper.application; includeInIndex = 0; path = todoList.app; sourceTree = BUILT_PRODUCTS_DIR; };
		21EF80911BA122FD00E75D1F /* Info.plist */ = {isa = PBXFileReference; lastKnownFileType = text.plist.xml; path = Info.plist; sourceTree = "<group>"; };
		21EF80921BA122FD00E75D1F /* main.m */ = {isa = PBXFileReference; lastKnownFileType = sourcecode.c.objc; path = main.m; sourceTree = "<group>"; };
		21EF80941BA122FD00E75D1F /* AppDelegate.h */ = {isa = PBXFileReference; lastKnownFileType = sourcecode.c.h; path = AppDelegate.h; sourceTree = "<group>"; };
		21EF80951BA122FD00E75D1F /* AppDelegate.m */ = {isa = PBXFileReference; lastKnownFileType = sourcecode.c.objc; path = AppDelegate.m; sourceTree = "<group>"; };
		21EF809D1BA122FD00E75D1F /* Images.xcassets */ = {isa = PBXFileReference; lastKnownFileType = folder.assetcatalog; path = Images.xcassets; sourceTree = "<group>"; };
		21EF80A01BA122FD00E75D1F /* Base */ = {isa = PBXFileReference; lastKnownFileType = file.xib; name = Base; path = Base.lproj/LaunchScreen.xib; sourceTree = "<group>"; };
		21EF80A61BA122FD00E75D1F /* todoListTests.xctest */ = {isa = PBXFileReference; explicitFileType = wrapper.cfbundle; includeInIndex = 0; path = todoListTests.xctest; sourceTree = BUILT_PRODUCTS_DIR; };
		21EF80AB1BA122FD00E75D1F /* Info.plist */ = {isa = PBXFileReference; lastKnownFileType = text.plist.xml; path = Info.plist; sourceTree = "<group>"; };
		21EF80AC1BA122FD00E75D1F /* todoListTests.m */ = {isa = PBXFileReference; lastKnownFileType = sourcecode.c.objc; path = todoListTests.m; sourceTree = "<group>"; };
/* End PBXFileReference section */

/* Begin PBXFrameworksBuildPhase section */
		21EF808A1BA122FD00E75D1F /* Frameworks */ = {
			isa = PBXFrameworksBuildPhase;
			buildActionMask = 2147483647;
			files = (
			);
			runOnlyForDeploymentPostprocessing = 0;
		};
		21EF80A31BA122FD00E75D1F /* Frameworks */ = {
			isa = PBXFrameworksBuildPhase;
			buildActionMask = 2147483647;
			files = (
			);
			runOnlyForDeploymentPostprocessing = 0;
		};
/* End PBXFrameworksBuildPhase section */

/* Begin PBXGroup section */
		21EF80841BA122FD00E75D1F = {
			isa = PBXGroup;
			children = (
				21EF808F1BA122FD00E75D1F /* todoList */,
				21EF80A91BA122FD00E75D1F /* todoListTests */,
				21EF808E1BA122FD00E75D1F /* Products */,
			);
			sourceTree = "<group>";
		};
		21EF808E1BA122FD00E75D1F /* Products */ = {
			isa = PBXGroup;
			children = (
				21EF808D1BA122FD00E75D1F /* todoList.app */,
				21EF80A61BA122FD00E75D1F /* todoListTests.xctest */,
			);
			name = Products;
			sourceTree = "<group>";
		};
		21EF808F1BA122FD00E75D1F /* todoList */ = {
			isa = PBXGroup;
			children = (
				21EF80941BA122FD00E75D1F /* AppDelegate.h */,
				21EF80951BA122FD00E75D1F /* AppDelegate.m */,
				21EF809D1BA122FD00E75D1F /* Images.xcassets */,
				21EF809F1BA122FD00E75D1F /* LaunchScreen.xib */,
				21EF80901BA122FD00E75D1F /* Supporting Files */,
			);
			path = todoList;
			sourceTree = "<group>";
		};
		21EF80901BA122FD00E75D1F /* Supporting Files */ = {
			isa = PBXGroup;
			children = (
				21EF80911BA122FD00E75D1F /* Info.plist */,
				21EF80921BA122FD00E75D1F /* main.m */,
			);
			name = "Supporting Files";
			sourceTree = "<group>";
		};
		21EF80A91BA122FD00E75D1F /* todoListTests */ = {
			isa = PBXGroup;
			children = (
				21EF80AC1BA122FD00E75D1F /* todoListTests.m */,
				21EF80AA1BA122FD00E75D1F /* Supporting Files */,
			);
			path = todoListTests;
			sourceTree = "<group>";
		};
		21EF80AA1BA122FD00E75D1F /* Supporting Files */ = {
			isa = PBXGroup;
			children = (
				21EF80AB1BA122FD00E75D1F /* Info.plist */,
			);
			name = "Supporting Files";
			sourceTree = "<group>";
		};
/* End PBXGroup section */

/* Begin PBXNativeTarget section */
		21EF808C1BA122FD00E75D1F /* todoList */ = {
			isa = PBXNativeTarget;
			buildConfigurationList = 21EF80B01BA122FD00E75D1F /* Build configuration list for PBXNativeTarget "todoList" */;
			buildPhases = (
				21EF80891BA122FD00E75D1F /* Sources */,
				21EF808A1BA122FD00E75D1F /* Frameworks */,
				21EF808B1BA122FD00E75D1F /* Resources */,
			);
			buildRules = (
			);
			dependencies = (
			);
			name = todoList;
			productName = todoList;
			productReference = 21EF808D1BA122FD00E75D1F /* todoList.app */;
			productType = "com.apple.product-type.application";
		};
		21EF80A51BA122FD00E75D1F /* todoListTests */ = {
			isa = PBXNativeTarget;
			buildConfigurationList = 21EF80B31BA122FD00E75D1F /* Build configuration list for PBXNativeTarget "todoListTests" */;
			buildPhases = (
				21EF80A21BA122FD00E75D1F /* Sources */,
				21EF80A31BA122FD00E75D1F /* Frameworks */,
				21EF80A41BA122FD00E75D1F /* Resources */,
			);
			buildRules = (
			);
			dependencies = (
				21EF80A81BA122FD00E75D1F /* PBXTargetDependency */,
			);
			name = todoListTests;
			productName = todoListTests;
			productReference = 21EF80A61BA122FD00E75D1F /* todoListTests.xctest */;
			productType = "com.apple.product-type.bundle.unit-test";
		};
/* End PBXNativeTarget section */

/* Begin PBXProject section */
		21EF80851BA122FD00E75D1F /* Project object */ = {
			isa = PBXProject;
			attributes = {
				LastUpgradeCheck = 0640;
				ORGANIZATIONNAME = wang;
				TargetAttributes = {
					21EF808C1BA122FD00E75D1F = {
						CreatedOnToolsVersion = 6.4;
					};
					21EF80A51BA122FD00E75D1F = {
						CreatedOnToolsVersion = 6.4;
						TestTargetID = 21EF808C1BA122FD00E75D1F;
					};
				};
			};
			buildConfigurationList = 21EF80881BA122FD00E75D1F /* Build configuration list for PBXProject "todoList" */;
			compatibilityVersion = "Xcode 3.2";
			developmentRegion = English;
			hasScannedForEncodings = 0;
			knownRegions = (
				en,
				Base,
			);
			mainGroup = 21EF80841BA122FD00E75D1F;
			productRefGroup = 21EF808E1BA122FD00E75D1F /* Products */;
			projectDirPath = "";
			projectRoot = "";
			targets = (
				21EF808C1BA122FD00E75D1F /* todoList */,
				21EF80A51BA122FD00E75D1F /* todoListTests */,
			);
		};
/* End PBXProject section */

/* Begin PBXResourcesBuildPhase section */
		21EF808B1BA122FD00E75D1F /* Resources */ = {
			isa = PBXResourcesBuildPhase;
			buildActionMask = 2147483647;
			files = (
				21EF80A11BA122FD00E75D1F /* LaunchScreen.xib in Resources */,
				21EF809E1BA122FD00E75D1F /* Images.xcassets in Resources */,
			);
			runOnlyForDeploymentPostprocessing = 0;
		};
		21EF80A41BA122FD00E75D1F /* Resources */ = {
			isa = PBXResourcesBuildPhase;
			buildActionMask = 2147483647;
			files = (
			);
			runOnlyForDeploymentPostprocessing = 0;
		};
/* End PBXResourcesBuildPhase section */

/* Begin PBXSourcesBuildPhase section */
		21EF80891BA122FD00E75D1F /* Sources */ = {
			isa = PBXSourcesBuildPhase;
			buildActionMask = 2147483647;
			files = (
				21EF80961BA122FD00E75D1F /* AppDelegate.m in Sources */,
				21EF80931BA122FD00E75D1F /* main.m in Sources */,
			);
			runOnlyForDeploymentPostprocessing = 0;
		};
		21EF80A21BA122FD00E75D1F /* Sources */ = {
			isa = PBXSourcesBuildPhase;
			buildActionMask = 2147483647;
			files = (
				21EF80AD1BA122FD00E75D1F /* todoListTests.m in Sources */,
			);
			runOnlyForDeploymentPostprocessing = 0;
		};
/* End PBXSourcesBuildPhase section */

/* Begin PBXTargetDependency section */
		21EF80A81BA122FD00E75D1F /* PBXTargetDependency */ = {
			isa = PBXTargetDependency;
			target = 21EF808C1BA122FD00E75D1F /* todoList */;
			targetProxy = 21EF80A71BA122FD00E75D1F /* PBXContainerItemProxy */;
		};
/* End PBXTargetDependency section */

/* Begin PBXVariantGroup section */
		21EF809F1BA122FD00E75D1F /* LaunchScreen.xib */ = {
			isa = PBXVariantGroup;
			children = (
				21EF80A01BA122FD00E75D1F /* Base */,
			);
			name = LaunchScreen.xib;
			sourceTree = "<group>";
		};
/* End PBXVariantGroup section */

/* Begin XCBuildConfiguration section */
		21EF80AE1BA122FD00E75D1F /* Debug */ = {
			isa = XCBuildConfiguration;
			buildSettings = {
				ALWAYS_SEARCH_USER_PATHS = NO;
				CLANG_CXX_LANGUAGE_STANDARD = "gnu++0x";
				CLANG_CXX_LIBRARY = "libc++";
				CLANG_ENABLE_MODULES = YES;
				CLANG_ENABLE_OBJC_ARC = YES;
				CLANG_WARN_BOOL_CONVERSION = YES;
				CLANG_WARN_CONSTANT_CONVERSION = YES;
				CLANG_WARN_DIRECT_OBJC_ISA_USAGE = YES_ERROR;
				CLANG_WARN_EMPTY_BODY = YES;
				CLANG_WARN_ENUM_CONVERSION = YES;
				CLANG_WARN_INT_CONVERSION = YES;
				CLANG_WARN_OBJC_ROOT_CLASS = YES_ERROR;
				CLANG_WARN_UNREACHABLE_CODE = YES;
				CLANG_WARN__DUPLICATE_METHOD_MATCH = YES;
				"CODE_SIGN_IDENTITY[sdk=iphoneos*]" = "iPhone Developer";
				COPY_PHASE_STRIP = NO;
				DEBUG_INFORMATION_FORMAT = "dwarf-with-dsym";
				ENABLE_STRICT_OBJC_MSGSEND = YES;
				GCC_C_LANGUAGE_STANDARD = gnu99;
				GCC_DYNAMIC_NO_PIC = NO;
				GCC_NO_COMMON_BLOCKS = YES;
				GCC_OPTIMIZATION_LEVEL = 0;
				GCC_PREPROCESSOR_DEFINITIONS = (
					"DEBUG=1",
					"$(inherited)",
				);
				GCC_SYMBOLS_PRIVATE_EXTERN = NO;
				GCC_WARN_64_TO_32_BIT_CONVERSION = YES;
				GCC_WARN_ABOUT_RETURN_TYPE = YES_ERROR;
				GCC_WARN_UNDECLARED_SELECTOR = YES;
				GCC_WARN_UNINITIALIZED_AUTOS = YES_AGGRESSIVE;
				GCC_WARN_UNUSED_FUNCTION = YES;
				GCC_WARN_UNUSED_VARIABLE = YES;
				IPHONEOS_DEPLOYMENT_TARGET = 8.4;
				MTL_ENABLE_DEBUG_INFO = YES;
				ONLY_ACTIVE_ARCH = YES;
				SDKROOT = iphoneos;
			};
			name = Debug;
		};
		21EF80AF1BA122FD00E75D1F /* Release */ = {
			isa = XCBuildConfiguration;
			buildSettings = {
				ALWAYS_SEARCH_USER_PATHS = NO;
				CLANG_CXX_LANGUAGE_STANDARD = "gnu++0x";
				CLANG_CXX_LIBRARY = "libc++";
				CLANG_ENABLE_MODULES = YES;
				CLANG_ENABLE_OBJC_ARC = YES;
				CLANG_WARN_BOOL_CONVERSION = YES;
				CLANG_WARN_CONSTANT_CONVERSION = YES;
				CLANG_WARN_DIRECT_OBJC_ISA_USAGE = YES_ERROR;
				CLANG_WARN_EMPTY_BODY = YES;
				CLANG_WARN_ENUM_CONVERSION = YES;
				CLANG_WARN_INT_CONVERSION = YES;
				CLANG_WARN_OBJC_ROOT_CLASS = YES_ERROR;
				CLANG_WARN_UNREACHABLE_CODE = YES;
				CLANG_WARN__DUPLICATE_METHOD_MATCH = YES;
				"CODE_SIGN_IDENTITY[sdk=iphoneos*]" = "iPhone Developer";
				COPY_PHASE_STRIP = NO;
				DEBUG_INFORMATION_FORMAT = "dwarf-with-dsym";
				ENABLE_NS_ASSERTIONS = NO;
				ENABLE_STRICT_OBJC_MSGSEND = YES;
				GCC_C_LANGUAGE_STANDARD = gnu99;
				GCC_NO_COMMON_BLOCKS = YES;
				GCC_WARN_64_TO_32_BIT_CONVERSION = YES;
				GCC_WARN_ABOUT_RETURN_TYPE = YES_ERROR;
				GCC_WARN_UNDECLARED_SELECTOR = YES;
				GCC_WARN_UNINITIALIZED_AUTOS = YES_AGGRESSIVE;
				GCC_WARN_UNUSED_FUNCTION = YES;
				GCC_WARN_UNUSED_VARIABLE = YES;
				IPHONEOS_DEPLOYMENT_TARGET = 8.4;
				MTL_ENABLE_DEBUG_INFO = NO;
				SDKROOT = iphoneos;
				VALIDATE_PRODUCT = YES;
			};
			name = Release;
		};
		21EF80B11BA122FD00E75D1F /* Debug */ = {
			isa = XCBuildConfiguration;
			buildSettings = {
				ASSETCATALOG_COMPILER_APPICON_NAME = AppIcon;
				INFOPLIST_FILE = todoList/Info.plist;
				LD_RUNPATH_SEARCH_PATHS = "$(inherited) @executable_path/Frameworks";
				PRODUCT_NAME = "$(TARGET_NAME)";
			};
			name = Debug;
		};
		21EF80B21BA122FD00E75D1F /* Release */ = {
			isa = XCBuildConfiguration;
			buildSettings = {
				ASSETCATALOG_COMPILER_APPICON_NAME = AppIcon;
				INFOPLIST_FILE = todoList/Info.plist;
				LD_RUNPATH_SEARCH_PATHS = "$(inherited) @executable_path/Frameworks";
				PRODUCT_NAME = "$(TARGET_NAME)";
			};
			name = Release;
		};
		21EF80B41BA122FD00E75D1F /* Debug */ = {
			isa = XCBuildConfiguration;
			buildSettings = {
				BUNDLE_LOADER = "$(TEST_HOST)";
				FRAMEWORK_SEARCH_PATHS = (
					"$(SDKROOT)/Developer/Library/Frameworks",
					"$(inherited)",
				);
				GCC_PREPROCESSOR_DEFINITIONS = (
					"DEBUG=1",
					"$(inherited)",
				);
				INFOPLIST_FILE = todoListTests/Info.plist;
				LD_RUNPATH_SEARCH_PATHS = "$(inherited) @executable_path/Frameworks @loader_path/Frameworks";
				PRODUCT_NAME = "$(TARGET_NAME)";
				TEST_HOST = "$(BUILT_PRODUCTS_DIR)/todoList.app/todoList";
			};
			name = Debug;
		};
		21EF80B51BA122FD00E75D1F /* Release */ = {
			isa = XCBuildConfiguration;
			buildSettings = {
				BUNDLE_LOADER = "$(TEST_HOST)";
				FRAMEWORK_SEARCH_PATHS = (
					"$(SDKROOT)/Developer/Library/Frameworks",
					"$(inherited)",
				);
				INFOPLIST_FILE = todoListTests/Info.plist;
				LD_RUNPATH_SEARCH_PATHS = "$(inherited) @executable_path/Frameworks @loader_path/Frameworks";
				PRODUCT_NAME = "$(TARGET_NAME)";
				TEST_HOST = "$(BUILT_PRODUCTS_DIR)/todoList.app/todoList";
			};
			name = Release;
		};
/* End XCBuildConfiguration section */

/* Begin XCConfigurationList section */
		21EF80881BA122FD00E75D1F /* Build configuration list for PBXProject "todoList" */ = {
			isa = XCConfigurationList;
			buildConfigurations = (
				21EF80AE1BA122FD00E75D1F /* Debug */,
				21EF80AF1BA122FD00E75D1F /* Release */,
			);
			defaultConfigurationIsVisible = 0;
			defaultConfigurationName = Release;
		};
		21EF80B01BA122FD00E75D1F /* Build configuration list for PBXNativeTarget "todoList" */ = {
			isa = XCConfigurationList;
			buildConfigurations = (
				21EF80B11BA122FD00E75D1F /* Debug */,
				21EF80B21BA122FD00E75D1F /* Release */,
			);
			defaultConfigurationIsVisible = 0;
		};
		21EF80B31BA122FD00E75D1F /* Build configuration list for PBXNativeTarget "todoListTests" */ = {
			isa = XCConfigurationList;
			buildConfigurations = (
				21EF80B41BA122FD00E75D1F /* Debug */,
				21EF80B51BA122FD00E75D1F /* Release */,
			);
			defaultConfigurationIsVisible = 0;
		};
/* End XCConfigurationList section */
	};
	rootObject = 21EF80851BA122FD00E75D1F /* Project object */;
}
