// !$*UTF8*$!
{
	archiveVersion = 1;
	classes = {
	};
	objectVersion = 46;
	objects = {

/* Begin PBXBuildFile section */
		21F74E031BD78D7D0071587C /* main.m in Sources */ = {isa = PBXBuildFile; fileRef = 21F74E021BD78D7D0071587C /* main.m */; };
		21F74E141BD8E6BD0071587C /* Person.m in Sources */ = {isa = PBXBuildFile; fileRef = 21F74E131BD8E6BD0071587C /* Person.m */; settings = {ASSET_TAGS = (); }; };
		21F74E171BD8EC840071587C /* Test.m in Sources */ = {isa = PBXBuildFile; fileRef = 21F74E161BD8EC840071587C /* Test.m */; settings = {ASSET_TAGS = (); }; };
/* End PBXBuildFile section */

/* Begin PBXCopyFilesBuildPhase section */
		21F74DFD1BD78D7D0071587C /* CopyFiles */ = {
			isa = PBXCopyFilesBuildPhase;
			buildActionMask = 2147483647;
			dstPath = /usr/share/man/man1/;
			dstSubfolderSpec = 0;
			files = (
			);
			runOnlyForDeploymentPostprocessing = 1;
		};
/* End PBXCopyFilesBuildPhase section */

/* Begin PBXFileReference section */
		21F74DFF1BD78D7D0071587C /* lineCode */ = {isa = PBXFileReference; explicitFileType = "compiled.mach-o.executable"; includeInIndex = 0; path = lineCode; sourceTree = BUILT_PRODUCTS_DIR; };
		21F74E021BD78D7D0071587C /* main.m */ = {isa = PBXFileReference; lastKnownFileType = sourcecode.c.objc; path = main.m; sourceTree = "<group>"; };
		21F74E121BD8E6BD0071587C /* Person.h */ = {isa = PBXFileReference; fileEncoding = 4; lastKnownFileType = sourcecode.c.h; path = Person.h; sourceTree = "<group>"; };
		21F74E131BD8E6BD0071587C /* Person.m */ = {isa = PBXFileReference; fileEncoding = 4; lastKnownFileType = sourcecode.c.objc; path = Person.m; sourceTree = "<group>"; };
		21F74E151BD8EC840071587C /* Test.h */ = {isa = PBXFileReference; fileEncoding = 4; lastKnownFileType = sourcecode.c.h; path = Test.h; sourceTree = "<group>"; };
		21F74E161BD8EC840071587C /* Test.m */ = {isa = PBXFileReference; fileEncoding = 4; lastKnownFileType = sourcecode.c.objc; path = Test.m; sourceTree = "<group>"; };
/* End PBXFileReference section */

/* Begin PBXFrameworksBuildPhase section */
		21F74DFC1BD78D7D0071587C /* Frameworks */ = {
			isa = PBXFrameworksBuildPhase;
			buildActionMask = 2147483647;
			files = (
			);
			runOnlyForDeploymentPostprocessing = 0;
		};
/* End PBXFrameworksBuildPhase section */

/* Begin PBXGroup section */
		21F74DF61BD78D7D0071587C = {
			isa = PBXGroup;
			children = (
				21F74E011BD78D7D0071587C /* lineCode */,
				21F74E001BD78D7D0071587C /* Products */,
			);
			sourceTree = "<group>";
		};
		21F74E001BD78D7D0071587C /* Products */ = {
			isa = PBXGroup;
			children = (
				21F74DFF1BD78D7D0071587C /* lineCode */,
			);
			name = Products;
			sourceTree = "<group>";
		};
		21F74E011BD78D7D0071587C /* lineCode */ = {
			isa = PBXGroup;
			children = (
				21F74E021BD78D7D0071587C /* main.m */,
				21F74E121BD8E6BD0071587C /* Person.h */,
				21F74E131BD8E6BD0071587C /* Person.m */,
				21F74E151BD8EC840071587C /* Test.h */,
				21F74E161BD8EC840071587C /* Test.m */,
			);
			path = lineCode;
			sourceTree = "<group>";
		};
/* End PBXGroup section */

/* Begin PBXNativeTarget section */
		21F74DFE1BD78D7D0071587C /* lineCode */ = {
			isa = PBXNativeTarget;
			buildConfigurationList = 21F74E061BD78D7D0071587C /* Build configuration list for PBXNativeTarget "lineCode" */;
			buildPhases = (
				21F74DFB1BD78D7D0071587C /* Sources */,
				21F74DFC1BD78D7D0071587C /* Frameworks */,
				21F74DFD1BD78D7D0071587C /* CopyFiles */,
			);
			buildRules = (
			);
			dependencies = (
			);
			name = lineCode;
			productName = lineCode;
			productReference = 21F74DFF1BD78D7D0071587C /* lineCode */;
			productType = "com.apple.product-type.tool";
		};
/* End PBXNativeTarget section */

/* Begin PBXProject section */
		21F74DF71BD78D7D0071587C /* Project object */ = {
			isa = PBXProject;
			attributes = {
				LastUpgradeCheck = 0700;
				ORGANIZATIONNAME = wang;
				TargetAttributes = {
					21F74DFE1BD78D7D0071587C = {
						CreatedOnToolsVersion = 7.0.1;
					};
				};
			};
			buildConfigurationList = 21F74DFA1BD78D7D0071587C /* Build configuration list for PBXProject "lineCode" */;
			compatibilityVersion = "Xcode 3.2";
			developmentRegion = English;
			hasScannedForEncodings = 0;
			knownRegions = (
				en,
			);
			mainGroup = 21F74DF61BD78D7D0071587C;
			productRefGroup = 21F74E001BD78D7D0071587C /* Products */;
			projectDirPath = "";
			projectRoot = "";
			targets = (
				21F74DFE1BD78D7D0071587C /* lineCode */,
			);
		};
/* End PBXProject section */

/* Begin PBXSourcesBuildPhase section */
		21F74DFB1BD78D7D0071587C /* Sources */ = {
			isa = PBXSourcesBuildPhase;
			buildActionMask = 2147483647;
			files = (
				21F74E171BD8EC840071587C /* Test.m in Sources */,
				21F74E141BD8E6BD0071587C /* Person.m in Sources */,
				21F74E031BD78D7D0071587C /* main.m in Sources */,
			);
			runOnlyForDeploymentPostprocessing = 0;
		};
/* End PBXSourcesBuildPhase section */

/* Begin XCBuildConfiguration section */
		21F74E041BD78D7D0071587C /* Debug */ = {
			isa = XCBuildConfiguration;
			buildSettings = {
				ALWAYS_SEARCH_USER_PATHS = NO;
				CLANG_CXX_LANGUAGE_STANDARD = "gnu++0x";
				CLANG_CXX_LIBRARY = "libc++";
				CLANG_ENABLE_MODULES = YES;
				CLANG_ENABLE_OBJC_ARC = YES;
				CLANG_WARN_BOOL_CONVERSION = YES;
				CLANG_WARN_CONSTANT_CONVERSION = YES;
				CLANG_WARN_DIRECT_OBJC_ISA_USAGE = YES_ERROR;
				CLANG_WARN_EMPTY_BODY = YES;
				CLANG_WARN_ENUM_CONVERSION = YES;
				CLANG_WARN_INT_CONVERSION = YES;
				CLANG_WARN_OBJC_ROOT_CLASS = YES_ERROR;
				CLANG_WARN_UNREACHABLE_CODE = YES;
				CLANG_WARN__DUPLICATE_METHOD_MATCH = YES;
				COPY_PHASE_STRIP = NO;
				DEBUG_INFORMATION_FORMAT = dwarf;
				ENABLE_STRICT_OBJC_MSGSEND = YES;
				ENABLE_TESTABILITY = YES;
				GCC_C_LANGUAGE_STANDARD = gnu99;
				GCC_DYNAMIC_NO_PIC = NO;
				GCC_NO_COMMON_BLOCKS = YES;
				GCC_OPTIMIZATION_LEVEL = 0;
				GCC_PREPROCESSOR_DEFINITIONS = (
					"DEBUG=1",
					"$(inherited)",
				);
				GCC_WARN_64_TO_32_BIT_CONVERSION = YES;
				GCC_WARN_ABOUT_RETURN_TYPE = YES_ERROR;
				GCC_WARN_UNDECLARED_SELECTOR = YES;
				GCC_WARN_UNINITIALIZED_AUTOS = YES_AGGRESSIVE;
				GCC_WARN_UNUSED_FUNCTION = YES;
				GCC_WARN_UNUSED_VARIABLE = YES;
				MACOSX_DEPLOYMENT_TARGET = 10.10;
				MTL_ENABLE_DEBUG_INFO = YES;
				ONLY_ACTIVE_ARCH = YES;
				SDKROOT = macosx;
			};
			name = Debug;
		};
		21F74E051BD78D7D0071587C /* Release */ = {
			isa = XCBuildConfiguration;
			buildSettings = {
				ALWAYS_SEARCH_USER_PATHS = NO;
				CLANG_CXX_LANGUAGE_STANDARD = "gnu++0x";
				CLANG_CXX_LIBRARY = "libc++";
				CLANG_ENABLE_MODULES = YES;
				CLANG_ENABLE_OBJC_ARC = YES;
				CLANG_WARN_BOOL_CONVERSION = YES;
				CLANG_WARN_CONSTANT_CONVERSION = YES;
				CLANG_WARN_DIRECT_OBJC_ISA_USAGE = YES_ERROR;
				CLANG_WARN_EMPTY_BODY = YES;
				CLANG_WARN_ENUM_CONVERSION = YES;
				CLANG_WARN_INT_CONVERSION = YES;
				CLANG_WARN_OBJC_ROOT_CLASS = YES_ERROR;
				CLANG_WARN_UNREACHABLE_CODE = YES;
				CLANG_WARN__DUPLICATE_METHOD_MATCH = YES;
				COPY_PHASE_STRIP = NO;
				DEBUG_INFORMATION_FORMAT = "dwarf-with-dsym";
				ENABLE_NS_ASSERTIONS = NO;
				ENABLE_STRICT_OBJC_MSGSEND = YES;
				GCC_C_LANGUAGE_STANDARD = gnu99;
				GCC_NO_COMMON_BLOCKS = YES;
				GCC_WARN_64_TO_32_BIT_CONVERSION = YES;
				GCC_WARN_ABOUT_RETURN_TYPE = YES_ERROR;
				GCC_WARN_UNDECLARED_SELECTOR = YES;
				GCC_WARN_UNINITIALIZED_AUTOS = YES_AGGRESSIVE;
				GCC_WARN_UNUSED_FUNCTION = YES;
				GCC_WARN_UNUSED_VARIABLE = YES;
				MACOSX_DEPLOYMENT_TARGET = 10.10;
				MTL_ENABLE_DEBUG_INFO = NO;
				SDKROOT = macosx;
			};
			name = Release;
		};
		21F74E071BD78D7D0071587C /* Debug */ = {
			isa = XCBuildConfiguration;
			buildSettings = {
				PRODUCT_NAME = "$(TARGET_NAME)";
			};
			name = Debug;
		};
		21F74E081BD78D7D0071587C /* Release */ = {
			isa = XCBuildConfiguration;
			buildSettings = {
				PRODUCT_NAME = "$(TARGET_NAME)";
			};
			name = Release;
		};
/* End XCBuildConfiguration section */

/* Begin XCConfigurationList section */
		21F74DFA1BD78D7D0071587C /* Build configuration list for PBXProject "lineCode" */ = {
			isa = XCConfigurationList;
			buildConfigurations = (
				21F74E041BD78D7D0071587C /* Debug */,
				21F74E051BD78D7D0071587C /* Release */,
			);
			defaultConfigurationIsVisible = 0;
			defaultConfigurationName = Release;
		};
		21F74E061BD78D7D0071587C /* Build configuration list for PBXNativeTarget "lineCode" */ = {
			isa = XCConfigurationList;
			buildConfigurations = (
				21F74E071BD78D7D0071587C /* Debug */,
				21F74E081BD78D7D0071587C /* Release */,
			);
			defaultConfigurationIsVisible = 0;
		};
/* End XCConfigurationList section */
	};
	rootObject = 21F74DF71BD78D7D0071587C /* Project object */;
}
